
Microsoft Visual Studio Solution File, Format Version 12.00
# Visual Studio Version 16
VisualStudioVersion = 16.0.29306.81
MinimumVisualStudioVersion = 10.0.40219.1
Project("{FAE04EC0-301F-11D3-BF4B-00C04F79EFBC}") = "ElasticSearchInNetCore.Web", "ElasticSearchInNetCore.Web\ElasticSearchInNetCore.Web.csproj", "{8BD466C9-8ED6-42B8-8BF2-F5DC6C657BCC}"
EndProject
Global
	GlobalSection(SolutionConfigurationPlatforms) = preSolution
		Debug|Any CPU = Debug|Any CPU
		Release|Any CPU = Release|Any CPU
	EndGlobalSection
	GlobalSection(ProjectConfigurationPlatforms) = postSolution
		{8BD466C9-8ED6-42B8-8BF2-F5DC6C657BCC}.Debug|Any CPU.ActiveCfg = Debug|Any CPU
		{8BD466C9-8ED6-42B8-8BF2-F5DC6C657BCC}.Debug|Any CPU.Build.0 = Debug|Any CPU
		{8BD466C9-8ED6-42B8-8BF2-F5DC6C657BCC}.Release|Any CPU.ActiveCfg = Release|Any CPU
		{8BD466C9-8ED6-42B8-8BF2-F5DC6C657BCC}.Release|Any CPU.Build.0 = Release|Any CPU
	EndGlobalSection
	GlobalSection(SolutionProperties) = preSolution
		HideSolutionNode = FALSE
	EndGlobalSection
	GlobalSection(ExtensibilityGlobals) = postSolution
		SolutionGuid = {762963FE-0DC4-4E30-9320-1CF1F8B33DB8}
	EndGlobalSection
EndGlobal
